
Microsoft Visual Studio Solution File, Format Version 12.00
# Visual Studio Version 16
VisualStudioVersion = 25.0.1706.14
MinimumVisualStudioVersion = 10.0.40219.1
Project("{FAE04EC0-301F-11D3-BF4B-00C04F79EFBC}") = "Days_13", "Days_13\Days_13.csproj", "{8C0AAC4B-3056-45A1-8DAC-490530D7520F}"
EndProject
Global
	GlobalSection(SolutionConfigurationPlatforms) = preSolution
		Debug|Any CPU = Debug|Any CPU
		Release|Any CPU = Release|Any CPU
	EndGlobalSection
	GlobalSection(ProjectConfigurationPlatforms) = postSolution
		{8C0AAC4B-3056-45A1-8DAC-490530D7520F}.Debug|Any CPU.ActiveCfg = Debug|Any CPU
		{8C0AAC4B-3056-45A1-8DAC-490530D7520F}.Debug|Any CPU.Build.0 = Debug|Any CPU
		{8C0AAC4B-3056-45A1-8DAC-490530D7520F}.Release|Any CPU.ActiveCfg = Release|Any CPU
		{8C0AAC4B-3056-45A1-8DAC-490530D7520F}.Release|Any CPU.Build.0 = Release|Any CPU
	EndGlobalSection
	GlobalSection(SolutionProperties) = preSolution
		HideSolutionNode = FALSE
	EndGlobalSection
	GlobalSection(ExtensibilityGlobals) = postSolution
		SolutionGuid = {129B0F94-B2AD-4253-B802-E0D95748D21E}
	EndGlobalSection
EndGlobal
