
Microsoft Visual Studio Solution File, Format Version 12.00
# Visual Studio Version 16
VisualStudioVersion = 25.0.1706.14
MinimumVisualStudioVersion = 10.0.40219.1
Project("{FAE04EC0-301F-11D3-BF4B-00C04F79EFBC}") = "Days_11", "Days_11\Days_11.csproj", "{AEC06C5D-47D3-4146-8982-4C36154F6C45}"
EndProject
Global
	GlobalSection(SolutionConfigurationPlatforms) = preSolution
		Debug|Any CPU = Debug|Any CPU
		Release|Any CPU = Release|Any CPU
	EndGlobalSection
	GlobalSection(ProjectConfigurationPlatforms) = postSolution
		{AEC06C5D-47D3-4146-8982-4C36154F6C45}.Debug|Any CPU.ActiveCfg = Debug|Any CPU
		{AEC06C5D-47D3-4146-8982-4C36154F6C45}.Debug|Any CPU.Build.0 = Debug|Any CPU
		{AEC06C5D-47D3-4146-8982-4C36154F6C45}.Release|Any CPU.ActiveCfg = Release|Any CPU
		{AEC06C5D-47D3-4146-8982-4C36154F6C45}.Release|Any CPU.Build.0 = Release|Any CPU
	EndGlobalSection
	GlobalSection(SolutionProperties) = preSolution
		HideSolutionNode = FALSE
	EndGlobalSection
	GlobalSection(ExtensibilityGlobals) = postSolution
		SolutionGuid = {E836D6DB-2E8A-464A-B620-5B0FB3EDC9DB}
	EndGlobalSection
EndGlobal
