
Microsoft Visual Studio Solution File, Format Version 12.00
# Visual Studio Version 17
VisualStudioVersion = 17.12.35707.178 d17.12
MinimumVisualStudioVersion = 10.0.40219.1
Project("{FAE04EC0-301F-11D3-BF4B-00C04F79EFBC}") = "Days_15", "Days_15\Days_15.csproj", "{5BFE71CB-0739-4EF4-B0D6-73E6996F3658}"
EndProject
Global
	GlobalSection(SolutionConfigurationPlatforms) = preSolution
		Debug|Any CPU = Debug|Any CPU
		Release|Any CPU = Release|Any CPU
	EndGlobalSection
	GlobalSection(ProjectConfigurationPlatforms) = postSolution
		{5BFE71CB-0739-4EF4-B0D6-73E6996F3658}.Debug|Any CPU.ActiveCfg = Debug|Any CPU
		{5BFE71CB-0739-4EF4-B0D6-73E6996F3658}.Debug|Any CPU.Build.0 = Debug|Any CPU
		{5BFE71CB-0739-4EF4-B0D6-73E6996F3658}.Release|Any CPU.ActiveCfg = Release|Any CPU
		{5BFE71CB-0739-4EF4-B0D6-73E6996F3658}.Release|Any CPU.Build.0 = Release|Any CPU
	EndGlobalSection
	GlobalSection(SolutionProperties) = preSolution
		HideSolutionNode = FALSE
	EndGlobalSection
EndGlobal
