
Microsoft Visual Studio Solution File, Format Version 12.00
# Visual Studio Version 16
VisualStudioVersion = 25.0.1706.14
MinimumVisualStudioVersion = 10.0.40219.1
Project("{FAE04EC0-301F-11D3-BF4B-00C04F79EFBC}") = "Days_12", "Days_12\Days_12.csproj", "{47300602-16CB-48AA-9439-6629D679F9C1}"
EndProject
Global
	GlobalSection(SolutionConfigurationPlatforms) = preSolution
		Debug|Any CPU = Debug|Any CPU
		Release|Any CPU = Release|Any CPU
	EndGlobalSection
	GlobalSection(ProjectConfigurationPlatforms) = postSolution
		{47300602-16CB-48AA-9439-6629D679F9C1}.Debug|Any CPU.ActiveCfg = Debug|Any CPU
		{47300602-16CB-48AA-9439-6629D679F9C1}.Debug|Any CPU.Build.0 = Debug|Any CPU
		{47300602-16CB-48AA-9439-6629D679F9C1}.Release|Any CPU.ActiveCfg = Release|Any CPU
		{47300602-16CB-48AA-9439-6629D679F9C1}.Release|Any CPU.Build.0 = Release|Any CPU
	EndGlobalSection
	GlobalSection(SolutionProperties) = preSolution
		HideSolutionNode = FALSE
	EndGlobalSection
	GlobalSection(ExtensibilityGlobals) = postSolution
		SolutionGuid = {D4463FB6-558E-4C98-AD9D-38C078AC4CAC}
	EndGlobalSection
EndGlobal
